
Microsoft Visual Studio Solution File, Format Version 12.00
# Visual Studio 2013
VisualStudioVersion = 12.0.31101.0
MinimumVisualStudioVersion = 10.0.40219.1
Project("{FAE04EC0-301F-11D3-BF4B-00C04F79EFBC}") = "FireBanApp.Api", "FireBanApp\FireBanApp.Api.csproj", "{36493CB2-E47D-412E-95E9-19E438DE68F0}"
EndProject
Project("{FAE04EC0-301F-11D3-BF4B-00C04F79EFBC}") = "FireBanApp.Tests", "FireBanApp.Tests\FireBanApp.Tests.csproj", "{A10555CA-CA36-48B1-BD5F-C5727F987C39}"
EndProject
Project("{FAE04EC0-301F-11D3-BF4B-00C04F79EFBC}") = "FireBanApp.Data", "FireBanApp.Data\FireBanApp.Data.csproj", "{DC1CB4B9-C305-4CA0-A886-B0CCD2E2E658}"
EndProject
Project("{FAE04EC0-301F-11D3-BF4B-00C04F79EFBC}") = "FireBanApp.Dto", "FireBanApp.Dto\FireBanApp.Dto.csproj", "{947B3B34-B416-4E79-A453-982D08F51334}"
EndProject
Project("{2150E333-8FDC-42A3-9474-1A3956D46DE8}") = ".nuget", ".nuget", "{EFE29DEE-ACA6-4720-898C-53D758735041}"
	ProjectSection(SolutionItems) = preProject
		.nuget\packages.config = .nuget\packages.config
	EndProjectSection
EndProject
Global
	GlobalSection(SolutionConfigurationPlatforms) = preSolution
		Debug|Any CPU = Debug|Any CPU
		Release|Any CPU = Release|Any CPU
	EndGlobalSection
	GlobalSection(ProjectConfigurationPlatforms) = postSolution
		{36493CB2-E47D-412E-95E9-19E438DE68F0}.Debug|Any CPU.ActiveCfg = Debug|Any CPU
		{36493CB2-E47D-412E-95E9-19E438DE68F0}.Debug|Any CPU.Build.0 = Debug|Any CPU
		{36493CB2-E47D-412E-95E9-19E438DE68F0}.Release|Any CPU.ActiveCfg = Release|Any CPU
		{36493CB2-E47D-412E-95E9-19E438DE68F0}.Release|Any CPU.Build.0 = Release|Any CPU
		{A10555CA-CA36-48B1-BD5F-C5727F987C39}.Debug|Any CPU.ActiveCfg = Debug|Any CPU
		{A10555CA-CA36-48B1-BD5F-C5727F987C39}.Debug|Any CPU.Build.0 = Debug|Any CPU
		{A10555CA-CA36-48B1-BD5F-C5727F987C39}.Release|Any CPU.ActiveCfg = Release|Any CPU
		{A10555CA-CA36-48B1-BD5F-C5727F987C39}.Release|Any CPU.Build.0 = Release|Any CPU
		{DC1CB4B9-C305-4CA0-A886-B0CCD2E2E658}.Debug|Any CPU.ActiveCfg = Debug|Any CPU
		{DC1CB4B9-C305-4CA0-A886-B0CCD2E2E658}.Debug|Any CPU.Build.0 = Debug|Any CPU
		{DC1CB4B9-C305-4CA0-A886-B0CCD2E2E658}.Release|Any CPU.ActiveCfg = Release|Any CPU
		{DC1CB4B9-C305-4CA0-A886-B0CCD2E2E658}.Release|Any CPU.Build.0 = Release|Any CPU
		{947B3B34-B416-4E79-A453-982D08F51334}.Debug|Any CPU.ActiveCfg = Debug|Any CPU
		{947B3B34-B416-4E79-A453-982D08F51334}.Debug|Any CPU.Build.0 = Debug|Any CPU
		{947B3B34-B416-4E79-A453-982D08F51334}.Release|Any CPU.ActiveCfg = Release|Any CPU
		{947B3B34-B416-4E79-A453-982D08F51334}.Release|Any CPU.Build.0 = Release|Any CPU
	EndGlobalSection
	GlobalSection(SolutionProperties) = preSolution
		HideSolutionNode = FALSE
	EndGlobalSection
EndGlobal
